Microsoft Visual Studio Solution File, Format Version 12.00
# Visual Studio 15
VisualStudioVersion = 15.0.28010.2026
MinimumVisualStudioVersion = 10.0.40219.1
Project("{2150E333-8FDC-42A3-9474-1A3956D46DE8}") = "Core", "Core", "{DA8F41F0-ADC2-4654-BB31-4914B0305292}"
EndProject
Project("{2150E333-8FDC-42A3-9474-1A3956D46DE8}") = "Infrastructure", "Infrastructure", "{8420BA83-8027-4345-BED1-983F21FBA250}"
EndProject
Project("{2150E333-8FDC-42A3-9474-1A3956D46DE8}") = "UI", "UI", "{9EAAF51F-58F1-46C9-A24D-7AFDE67993F0}"
EndProject
Project("{FAE04EC0-301F-11D3-BF4B-00C04F79EFBC}") = "FleaMarketShop.Core", "FleaMarketShop.Core\FleaMarketShop.Core.csproj", "{6F451964-C018-45D8-8F24-5707CB85CC50}"
	ProjectSection(ProjectDependencies) = postProject
		{95800326-EA3B-4C32-AE37-1D665C7E7168} = {95800326-EA3B-4C32-AE37-1D665C7E7168}
	EndProjectSection
EndProject
Project("{FAE04EC0-301F-11D3-BF4B-00C04F79EFBC}") = "FleaMarketShopRestApi", "FleaMarketShopRestApi\FleaMarketShopRestApi.csproj", "{4B0DCFF5-58FA-49F1-A817-3B1B57446613}"
EndProject
Project("{FAE04EC0-301F-11D3-BF4B-00C04F79EFBC}") = "FleaMarketShop.Infrastructure.Data", "FleaMarketShop.Infrastructure.Data\FleaMarketShop.Infrastructure.Data.csproj", "{78A041E3-19BD-4B4E-8715-747DB9D42321}"
	ProjectSection(ProjectDependencies) = postProject
		{95800326-EA3B-4C32-AE37-1D665C7E7168} = {95800326-EA3B-4C32-AE37-1D665C7E7168}
	EndProjectSection
EndProject
Project("{FAE04EC0-301F-11D3-BF4B-00C04F79EFBC}") = "FleaMarketShop.Core.Entities", "FleaMarketShop.Core.Entities\FleaMarketShop.Core.Entities.csproj", "{95800326-EA3B-4C32-AE37-1D665C7E7168}"
EndProject
Project("{2150E333-8FDC-42A3-9474-1A3956D46DE8}") = "Solution items", "Solution items", "{63C89D7F-2B6F-4840-89DB-A155445AB830}"
EndProject
Global
	GlobalSection(SolutionConfigurationPlatforms) = preSolution
		Debug|Any CPU = Debug|Any CPU
		Release|Any CPU = Release|Any CPU
	EndGlobalSection
	GlobalSection(ProjectConfigurationPlatforms) = postSolution
		{6F451964-C018-45D8-8F24-5707CB85CC50}.Debug|Any CPU.ActiveCfg = Debug|Any CPU
		{6F451964-C018-45D8-8F24-5707CB85CC50}.Debug|Any CPU.Build.0 = Debug|Any CPU
		{6F451964-C018-45D8-8F24-5707CB85CC50}.Release|Any CPU.ActiveCfg = Release|Any CPU
		{6F451964-C018-45D8-8F24-5707CB85CC50}.Release|Any CPU.Build.0 = Release|Any CPU
		{4B0DCFF5-58FA-49F1-A817-3B1B57446613}.Debug|Any CPU.ActiveCfg = Debug|Any CPU
		{4B0DCFF5-58FA-49F1-A817-3B1B57446613}.Debug|Any CPU.Build.0 = Debug|Any CPU
		{4B0DCFF5-58FA-49F1-A817-3B1B57446613}.Release|Any CPU.ActiveCfg = Release|Any CPU
		{4B0DCFF5-58FA-49F1-A817-3B1B57446613}.Release|Any CPU.Build.0 = Release|Any CPU
		{78A041E3-19BD-4B4E-8715-747DB9D42321}.Debug|Any CPU.ActiveCfg = Debug|Any CPU
		{78A041E3-19BD-4B4E-8715-747DB9D42321}.Debug|Any CPU.Build.0 = Debug|Any CPU
		{78A041E3-19BD-4B4E-8715-747DB9D42321}.Release|Any CPU.ActiveCfg = Release|Any CPU
		{78A041E3-19BD-4B4E-8715-747DB9D42321}.Release|Any CPU.Build.0 = Release|Any CPU
		{95800326-EA3B-4C32-AE37-1D665C7E7168}.Debug|Any CPU.ActiveCfg = Debug|Any CPU
		{95800326-EA3B-4C32-AE37-1D665C7E7168}.Debug|Any CPU.Build.0 = Debug|Any CPU
		{95800326-EA3B-4C32-AE37-1D665C7E7168}.Release|Any CPU.ActiveCfg = Release|Any CPU
		{95800326-EA3B-4C32-AE37-1D665C7E7168}.Release|Any CPU.Build.0 = Release|Any CPU
	EndGlobalSection
	GlobalSection(SolutionProperties) = preSolution
		HideSolutionNode = FALSE
	EndGlobalSection
	GlobalSection(NestedProjects) = preSolution
		{6F451964-C018-45D8-8F24-5707CB85CC50} = {DA8F41F0-ADC2-4654-BB31-4914B0305292}
		{4B0DCFF5-58FA-49F1-A817-3B1B57446613} = {9EAAF51F-58F1-46C9-A24D-7AFDE67993F0}
		{78A041E3-19BD-4B4E-8715-747DB9D42321} = {8420BA83-8027-4345-BED1-983F21FBA250}
		{95800326-EA3B-4C32-AE37-1D665C7E7168} = {DA8F41F0-ADC2-4654-BB31-4914B0305292}
	EndGlobalSection
	GlobalSection(ExtensibilityGlobals) = postSolution
		SolutionGuid = {3E4251E4-0DB9-411A-B8B2-DB5D78F782D8}
	EndGlobalSection
EndGlobal
